// !$*UTF8*$!
{
	archiveVersion = 1;
	classes = {
	};
	objectVersion = 77;
	objects = {

/* Begin PBXContainerItemProxy section */
		EBA8B9DD2DFB0517001F4F7B /* PBXContainerItemProxy */ = {
			isa = PBXContainerItemProxy;
			containerPortal = EBA8B9C72DFB0512001F4F7B /* Project object */;
			proxyType = 1;
			remoteGlobalIDString = EBA8B9CE2DFB0512001F4F7B;
			remoteInfo = ExtractedfunctionsBootcamp;
		};
		EBA8B9E72DFB0517001F4F7B /* PBXContainerItemProxy */ = {
			isa = PBXContainerItemProxy;
			containerPortal = EBA8B9C72DFB0512001F4F7B /* Project object */;
			proxyType = 1;
			remoteGlobalIDString = EBA8B9CE2DFB0512001F4F7B;
			remoteInfo = ExtractedfunctionsBootcamp;
		};
/* End PBXContainerItemProxy section */

/* Begin PBXFileReference section */
		EBA8B9CF2DFB0512001F4F7B /* ExtractedfunctionsBootcamp.app */ = {isa = PBXFileReference; explicitFileType = wrapper.application; includeInIndex = 0; path = ExtractedfunctionsBootcamp.app; sourceTree = BUILT_PRODUCTS_DIR; };
		EBA8B9DC2DFB0517001F4F7B /* ExtractedfunctionsBootcampTests.xctest */ = {isa = PBXFileReference; explicitFileType = wrapper.cfbundle; includeInIndex = 0; path = ExtractedfunctionsBootcampTests.xctest; sourceTree = BUILT_PRODUCTS_DIR; };
		EBA8B9E62DFB0517001F4F7B /* ExtractedfunctionsBootcampUITests.xctest */ = {isa = PBXFileReference; explicitFileType = wrapper.cfbundle; includeInIndex = 0; path = ExtractedfunctionsBootcampUITests.xctest; sourceTree = BUILT_PRODUCTS_DIR; };
/* End PBXFileReference section */

/* Begin PBXFileSystemSynchronizedRootGroup section */
		EBA8B9D12DFB0512001F4F7B /* ExtractedfunctionsBootcamp */ = {
			isa = PBXFileSystemSynchronizedRootGroup;
			path = ExtractedfunctionsBootcamp;
			sourceTree = "<group>";
		};
		EBA8B9DF2DFB0517001F4F7B /* ExtractedfunctionsBootcampTests */ = {
			isa = PBXFileSystemSynchronizedRootGroup;
			path = ExtractedfunctionsBootcampTests;
			sourceTree = "<group>";
		};
		EBA8B9E92DFB0517001F4F7B /* ExtractedfunctionsBootcampUITests */ = {
			isa = PBXFileSystemSynchronizedRootGroup;
			path = ExtractedfunctionsBootcampUITests;
			sourceTree = "<group>";
		};
/* End PBXFileSystemSynchronizedRootGroup section */

/* Begin PBXFrameworksBuildPhase section */
		EBA8B9CC2DFB0512001F4F7B /* Frameworks */ = {
			isa = PBXFrameworksBuildPhase;
			buildActionMask = 2147483647;
			files = (
			);
			runOnlyForDeploymentPostprocessing = 0;
		};
		EBA8B9D92DFB0517001F4F7B /* Frameworks */ = {
			isa = PBXFrameworksBuildPhase;
			buildActionMask = 2147483647;
			files = (
			);
			runOnlyForDeploymentPostprocessing = 0;
		};
		EBA8B9E32DFB0517001F4F7B /* Frameworks */ = {
			isa = PBXFrameworksBuildPhase;
			buildActionMask = 2147483647;
			files = (
			);
			runOnlyForDeploymentPostprocessing = 0;
		};
/* End PBXFrameworksBuildPhase section */

/* Begin PBXGroup section */
		EBA8B9C62DFB0512001F4F7B = {
			isa = PBXGroup;
			children = (
				EBA8B9D12DFB0512001F4F7B /* ExtractedfunctionsBootcamp */,
				EBA8B9DF2DFB0517001F4F7B /* ExtractedfunctionsBootcampTests */,
				EBA8B9E92DFB0517001F4F7B /* ExtractedfunctionsBootcampUITests */,
				EBA8B9D02DFB0512001F4F7B /* Products */,
			);
			sourceTree = "<group>";
		};
		EBA8B9D02DFB0512001F4F7B /* Products */ = {
			isa = PBXGroup;
			children = (
				EBA8B9CF2DFB0512001F4F7B /* ExtractedfunctionsBootcamp.app */,
				EBA8B9DC2DFB0517001F4F7B /* ExtractedfunctionsBootcampTests.xctest */,
				EBA8B9E62DFB0517001F4F7B /* ExtractedfunctionsBootcampUITests.xctest */,
			);
			name = Products;
			sourceTree = "<group>";
		};
/* End PBXGroup section */

/* Begin PBXNativeTarget section */
		EBA8B9CE2DFB0512001F4F7B /* ExtractedfunctionsBootcamp */ = {
			isa = PBXNativeTarget;
			buildConfigurationList = EBA8B9F02DFB0517001F4F7B /* Build configuration list for PBXNativeTarget "ExtractedfunctionsBootcamp" */;
			buildPhases = (
				EBA8B9CB2DFB0512001F4F7B /* Sources */,
				EBA8B9CC2DFB0512001F4F7B /* Frameworks */,
				EBA8B9CD2DFB0512001F4F7B /* Resources */,
			);
			buildRules = (
			);
			dependencies = (
			);
			fileSystemSynchronizedGroups = (
				EBA8B9D12DFB0512001F4F7B /* ExtractedfunctionsBootcamp */,
			);
			name = ExtractedfunctionsBootcamp;
			packageProductDependencies = (
			);
			productName = ExtractedfunctionsBootcamp;
			productReference = EBA8B9CF2DFB0512001F4F7B /* ExtractedfunctionsBootcamp.app */;
			productType = "com.apple.product-type.application";
		};
		EBA8B9DB2DFB0517001F4F7B /* ExtractedfunctionsBootcampTests */ = {
			isa = PBXNativeTarget;
			buildConfigurationList = EBA8B9F32DFB0517001F4F7B /* Build configuration list for PBXNativeTarget "ExtractedfunctionsBootcampTests" */;
			buildPhases = (
				EBA8B9D82DFB0517001F4F7B /* Sources */,
				EBA8B9D92DFB0517001F4F7B /* Frameworks */,
				EBA8B9DA2DFB0517001F4F7B /* Resources */,
			);
			buildRules = (
			);
			dependencies = (
				EBA8B9DE2DFB0517001F4F7B /* PBXTargetDependency */,
			);
			fileSystemSynchronizedGroups = (
				EBA8B9DF2DFB0517001F4F7B /* ExtractedfunctionsBootcampTests */,
			);
			name = ExtractedfunctionsBootcampTests;
			packageProductDependencies = (
			);
			productName = ExtractedfunctionsBootcampTests;
			productReference = EBA8B9DC2DFB0517001F4F7B /* ExtractedfunctionsBootcampTests.xctest */;
			productType = "com.apple.product-type.bundle.unit-test";
		};
		EBA8B9E52DFB0517001F4F7B /* ExtractedfunctionsBootcampUITests */ = {
			isa = PBXNativeTarget;
			buildConfigurationList = EBA8B9F62DFB0517001F4F7B /* Build configuration list for PBXNativeTarget "ExtractedfunctionsBootcampUITests" */;
			buildPhases = (
				EBA8B9E22DFB0517001F4F7B /* Sources */,
				EBA8B9E32DFB0517001F4F7B /* Frameworks */,
				EBA8B9E42DFB0517001F4F7B /* Resources */,
			);
			buildRules = (
			);
			dependencies = (
				EBA8B9E82DFB0517001F4F7B /* PBXTargetDependency */,
			);
			fileSystemSynchronizedGroups = (
				EBA8B9E92DFB0517001F4F7B /* ExtractedfunctionsBootcampUITests */,
			);
			name = ExtractedfunctionsBootcampUITests;
			packageProductDependencies = (
			);
			productName = ExtractedfunctionsBootcampUITests;
			productReference = EBA8B9E62DFB0517001F4F7B /* ExtractedfunctionsBootcampUITests.xctest */;
			productType = "com.apple.product-type.bundle.ui-testing";
		};
/* End PBXNativeTarget section */

/* Begin PBXProject section */
		EBA8B9C72DFB0512001F4F7B /* Project object */ = {
			isa = PBXProject;
			attributes = {
				BuildIndependentTargetsInParallel = 1;
				LastSwiftUpdateCheck = 1640;
				LastUpgradeCheck = 1640;
				TargetAttributes = {
					EBA8B9CE2DFB0512001F4F7B = {
						CreatedOnToolsVersion = 16.4;
					};
					EBA8B9DB2DFB0517001F4F7B = {
						CreatedOnToolsVersion = 16.4;
						TestTargetID = EBA8B9CE2DFB0512001F4F7B;
					};
					EBA8B9E52DFB0517001F4F7B = {
						CreatedOnToolsVersion = 16.4;
						TestTargetID = EBA8B9CE2DFB0512001F4F7B;
					};
				};
			};
			buildConfigurationList = EBA8B9CA2DFB0512001F4F7B /* Build configuration list for PBXProject "ExtractedfunctionsBootcamp" */;
			developmentRegion = en;
			hasScannedForEncodings = 0;
			knownRegions = (
				en,
				Base,
			);
			mainGroup = EBA8B9C62DFB0512001F4F7B;
			minimizedProjectReferenceProxies = 1;
			preferredProjectObjectVersion = 77;
			productRefGroup = EBA8B9D02DFB0512001F4F7B /* Products */;
			projectDirPath = "";
			projectRoot = "";
			targets = (
				EBA8B9CE2DFB0512001F4F7B /* ExtractedfunctionsBootcamp */,
				EBA8B9DB2DFB0517001F4F7B /* ExtractedfunctionsBootcampTests */,
				EBA8B9E52DFB0517001F4F7B /* ExtractedfunctionsBootcampUITests */,
			);
		};
/* End PBXProject section */

/* Begin PBXResourcesBuildPhase section */
		EBA8B9CD2DFB0512001F4F7B /* Resources */ = {
			isa = PBXResourcesBuildPhase;
			buildActionMask = 2147483647;
			files = (
			);
			runOnlyForDeploymentPostprocessing = 0;
		};
		EBA8B9DA2DFB0517001F4F7B /* Resources */ = {
			isa = PBXResourcesBuildPhase;
			buildActionMask = 2147483647;
			files = (
			);
			runOnlyForDeploymentPostprocessing = 0;
		};
		EBA8B9E42DFB0517001F4F7B /* Resources */ = {
			isa = PBXResourcesBuildPhase;
			buildActionMask = 2147483647;
			files = (
			);
			runOnlyForDeploymentPostprocessing = 0;
		};
/* End PBXResourcesBuildPhase section */

/* Begin PBXSourcesBuildPhase section */
		EBA8B9CB2DFB0512001F4F7B /* Sources */ = {
			isa = PBXSourcesBuildPhase;
			buildActionMask = 2147483647;
			files = (
			);
			runOnlyForDeploymentPostprocessing = 0;
		};
		EBA8B9D82DFB0517001F4F7B /* Sources */ = {
			isa = PBXSourcesBuildPhase;
			buildActionMask = 2147483647;
			files = (
			);
			runOnlyForDeploymentPostprocessing = 0;
		};
		EBA8B9E22DFB0517001F4F7B /* Sources */ = {
			isa = PBXSourcesBuildPhase;
			buildActionMask = 2147483647;
			files = (
			);
			runOnlyForDeploymentPostprocessing = 0;
		};
/* End PBXSourcesBuildPhase section */

/* Begin PBXTargetDependency section */
		EBA8B9DE2DFB0517001F4F7B /* PBXTargetDependency */ = {
			isa = PBXTargetDependency;
			target = EBA8B9CE2DFB0512001F4F7B /* ExtractedfunctionsBootcamp */;
			targetProxy = EBA8B9DD2DFB0517001F4F7B /* PBXContainerItemProxy */;
		};
		EBA8B9E82DFB0517001F4F7B /* PBXTargetDependency */ = {
			isa = PBXTargetDependency;
			target = EBA8B9CE2DFB0512001F4F7B /* ExtractedfunctionsBootcamp */;
			targetProxy = EBA8B9E72DFB0517001F4F7B /* PBXContainerItemProxy */;
		};
/* End PBXTargetDependency section */

/* Begin XCBuildConfiguration section */
		EBA8B9EE2DFB0517001F4F7B /* Debug */ = {
			isa = XCBuildConfiguration;
			buildSettings = {
				ALWAYS_SEARCH_USER_PATHS = NO;
				ASSETCATALOG_COMPILER_GENERATE_SWIFT_ASSET_SYMBOL_EXTENSIONS = YES;
				CLANG_ANALYZER_NONNULL = YES;
				CLANG_ANALYZER_NUMBER_OBJECT_CONVERSION = YES_AGGRESSIVE;
				CLANG_CXX_LANGUAGE_STANDARD = "gnu++20";
				CLANG_ENABLE_MODULES = YES;
				CLANG_ENABLE_OBJC_ARC = YES;
				CLANG_ENABLE_OBJC_WEAK = YES;
				CLANG_WARN_BLOCK_CAPTURE_AUTORELEASING = YES;
				CLANG_WARN_BOOL_CONVERSION = YES;
				CLANG_WARN_COMMA = YES;
				CLANG_WARN_CONSTANT_CONVERSION = YES;
				CLANG_WARN_DEPRECATED_OBJC_IMPLEMENTATIONS = YES;
				CLANG_WARN_DIRECT_OBJC_ISA_USAGE = YES_ERROR;
				CLANG_WARN_DOCUMENTATION_COMMENTS = YES;
				CLANG_WARN_EMPTY_BODY = YES;
				CLANG_WARN_ENUM_CONVERSION = YES;
				CLANG_WARN_INFINITE_RECURSION = YES;
				CLANG_WARN_INT_CONVERSION = YES;
				CLANG_WARN_NON_LITERAL_NULL_CONVERSION = YES;
				CLANG_WARN_OBJC_IMPLICIT_RETAIN_SELF = YES;
				CLANG_WARN_OBJC_LITERAL_CONVERSION = YES;
				CLANG_WARN_OBJC_ROOT_CLASS = YES_ERROR;
				CLANG_WARN_QUOTED_INCLUDE_IN_FRAMEWORK_HEADER = YES;
				CLANG_WARN_RANGE_LOOP_ANALYSIS = YES;
				CLANG_WARN_STRICT_PROTOTYPES = YES;
				CLANG_WARN_SUSPICIOUS_MOVE = YES;
				CLANG_WARN_UNGUARDED_AVAILABILITY = YES_AGGRESSIVE;
				CLANG_WARN_UNREACHABLE_CODE = YES;
				CLANG_WARN__DUPLICATE_METHOD_MATCH = YES;
				COPY_PHASE_STRIP = NO;
				DEBUG_INFORMATION_FORMAT = dwarf;
				ENABLE_STRICT_OBJC_MSGSEND = YES;
				ENABLE_TESTABILITY = YES;
				ENABLE_USER_SCRIPT_SANDBOXING = YES;
				GCC_C_LANGUAGE_STANDARD = gnu17;
				GCC_DYNAMIC_NO_PIC = NO;
				GCC_NO_COMMON_BLOCKS = YES;
				GCC_OPTIMIZATION_LEVEL = 0;
				GCC_PREPROCESSOR_DEFINITIONS = (
					"DEBUG=1",
					"$(inherited)",
				);
				GCC_WARN_64_TO_32_BIT_CONVERSION = YES;
				GCC_WARN_ABOUT_RETURN_TYPE = YES_ERROR;
				GCC_WARN_UNDECLARED_SELECTOR = YES;
				GCC_WARN_UNINITIALIZED_AUTOS = YES_AGGRESSIVE;
				GCC_WARN_UNUSED_FUNCTION = YES;
				GCC_WARN_UNUSED_VARIABLE = YES;
				IPHONEOS_DEPLOYMENT_TARGET = 18.5;
				LOCALIZATION_PREFERS_STRING_CATALOGS = YES;
				MTL_ENABLE_DEBUG_INFO = INCLUDE_SOURCE;
				MTL_FAST_MATH = YES;
				ONLY_ACTIVE_ARCH = YES;
				SDKROOT = iphoneos;
				SWIFT_ACTIVE_COMPILATION_CONDITIONS = "DEBUG $(inherited)";
				SWIFT_OPTIMIZATION_LEVEL = "-Onone";
			};
			name = Debug;
		};
		EBA8B9EF2DFB0517001F4F7B /* Release */ = {
			isa = XCBuildConfiguration;
			buildSettings = {
				ALWAYS_SEARCH_USER_PATHS = NO;
				ASSETCATALOG_COMPILER_GENERATE_SWIFT_ASSET_SYMBOL_EXTENSIONS = YES;
				CLANG_ANALYZER_NONNULL = YES;
				CLANG_ANALYZER_NUMBER_OBJECT_CONVERSION = YES_AGGRESSIVE;
				CLANG_CXX_LANGUAGE_STANDARD = "gnu++20";
				CLANG_ENABLE_MODULES = YES;
				CLANG_ENABLE_OBJC_ARC = YES;
				CLANG_ENABLE_OBJC_WEAK = YES;
				CLANG_WARN_BLOCK_CAPTURE_AUTORELEASING = YES;
				CLANG_WARN_BOOL_CONVERSION = YES;
				CLANG_WARN_COMMA = YES;
				CLANG_WARN_CONSTANT_CONVERSION = YES;
				CLANG_WARN_DEPRECATED_OBJC_IMPLEMENTATIONS = YES;
				CLANG_WARN_DIRECT_OBJC_ISA_USAGE = YES_ERROR;
				CLANG_WARN_DOCUMENTATION_COMMENTS = YES;
				CLANG_WARN_EMPTY_BODY = YES;
				CLANG_WARN_ENUM_CONVERSION = YES;
				CLANG_WARN_INFINITE_RECURSION = YES;
				CLANG_WARN_INT_CONVERSION = YES;
				CLANG_WARN_NON_LITERAL_NULL_CONVERSION = YES;
				CLANG_WARN_OBJC_IMPLICIT_RETAIN_SELF = YES;
				CLANG_WARN_OBJC_LITERAL_CONVERSION = YES;
				CLANG_WARN_OBJC_ROOT_CLASS = YES_ERROR;
				CLANG_WARN_QUOTED_INCLUDE_IN_FRAMEWORK_HEADER = YES;
				CLANG_WARN_RANGE_LOOP_ANALYSIS = YES;
				CLANG_WARN_STRICT_PROTOTYPES = YES;
				CLANG_WARN_SUSPICIOUS_MOVE = YES;
				CLANG_WARN_UNGUARDED_AVAILABILITY = YES_AGGRESSIVE;
				CLANG_WARN_UNREACHABLE_CODE = YES;
				CLANG_WARN__DUPLICATE_METHOD_MATCH = YES;
				COPY_PHASE_STRIP = NO;
				DEBUG_INFORMATION_FORMAT = "dwarf-with-dsym";
				ENABLE_NS_ASSERTIONS = NO;
				ENABLE_STRICT_OBJC_MSGSEND = YES;
				ENABLE_USER_SCRIPT_SANDBOXING = YES;
				GCC_C_LANGUAGE_STANDARD = gnu17;
				GCC_NO_COMMON_BLOCKS = YES;
				GCC_WARN_64_TO_32_BIT_CONVERSION = YES;
				GCC_WARN_ABOUT_RETURN_TYPE = YES_ERROR;
				GCC_WARN_UNDECLARED_SELECTOR = YES;
				GCC_WARN_UNINITIALIZED_AUTOS = YES_AGGRESSIVE;
				GCC_WARN_UNUSED_FUNCTION = YES;
				GCC_WARN_UNUSED_VARIABLE = YES;
				IPHONEOS_DEPLOYMENT_TARGET = 18.5;
				LOCALIZATION_PREFERS_STRING_CATALOGS = YES;
				MTL_ENABLE_DEBUG_INFO = NO;
				MTL_FAST_MATH = YES;
				SDKROOT = iphoneos;
				SWIFT_COMPILATION_MODE = wholemodule;
				VALIDATE_PRODUCT = YES;
			};
			name = Release;
		};
		EBA8B9F12DFB0517001F4F7B /* Debug */ = {
			isa = XCBuildConfiguration;
			buildSettings = {
				ASSETCATALOG_COMPILER_APPICON_NAME = AppIcon;
				ASSETCATALOG_COMPILER_GLOBAL_ACCENT_COLOR_NAME = AccentColor;
				CODE_SIGN_STYLE = Automatic;
				CURRENT_PROJECT_VERSION = 1;
				ENABLE_PREVIEWS = YES;
				GENERATE_INFOPLIST_FILE = YES;
				INFOPLIST_KEY_UIApplicationSceneManifest_Generation = YES;
				INFOPLIST_KEY_UIApplicationSupportsIndirectInputEvents = YES;
				INFOPLIST_KEY_UILaunchScreen_Generation = YES;
				INFOPLIST_KEY_UISupportedInterfaceOrientations_iPad = "UIInterfaceOrientationPortrait UIInterfaceOrientationPortraitUpsideDown UIInterfaceOrientationLandscapeLeft UIInterfaceOrientationLandscapeRight";
				INFOPLIST_KEY_UISupportedInterfaceOrientations_iPhone = "UIInterfaceOrientationPortrait UIInterfaceOrientationLandscapeLeft UIInterfaceOrientationLandscapeRight";
				LD_RUNPATH_SEARCH_PATHS = (
					"$(inherited)",
					"@executable_path/Frameworks",
				);
				MARKETING_VERSION = 1.0;
				PRODUCT_BUNDLE_IDENTIFIER = toters.ExtractedfunctionsBootcamp;
				PRODUCT_NAME = "$(TARGET_NAME)";
				SWIFT_EMIT_LOC_STRINGS = YES;
				SWIFT_VERSION = 5.0;
				TARGETED_DEVICE_FAMILY = "1,2";
			};
			name = Debug;
		};
		EBA8B9F22DFB0517001F4F7B /* Release */ = {
			isa = XCBuildConfiguration;
			buildSettings = {
				ASSETCATALOG_COMPILER_APPICON_NAME = AppIcon;
				ASSETCATALOG_COMPILER_GLOBAL_ACCENT_COLOR_NAME = AccentColor;
				CODE_SIGN_STYLE = Automatic;
				CURRENT_PROJECT_VERSION = 1;
				ENABLE_PREVIEWS = YES;
				GENERATE_INFOPLIST_FILE = YES;
				INFOPLIST_KEY_UIApplicationSceneManifest_Generation = YES;
				INFOPLIST_KEY_UIApplicationSupportsIndirectInputEvents = YES;
				INFOPLIST_KEY_UILaunchScreen_Generation = YES;
				INFOPLIST_KEY_UISupportedInterfaceOrientations_iPad = "UIInterfaceOrientationPortrait UIInterfaceOrientationPortraitUpsideDown UIInterfaceOrientationLandscapeLeft UIInterfaceOrientationLandscapeRight";
				INFOPLIST_KEY_UISupportedInterfaceOrientations_iPhone = "UIInterfaceOrientationPortrait UIInterfaceOrientationLandscapeLeft UIInterfaceOrientationLandscapeRight";
				LD_RUNPATH_SEARCH_PATHS = (
					"$(inherited)",
					"@executable_path/Frameworks",
				);
				MARKETING_VERSION = 1.0;
				PRODUCT_BUNDLE_IDENTIFIER = toters.ExtractedfunctionsBootcamp;
				PRODUCT_NAME = "$(TARGET_NAME)";
				SWIFT_EMIT_LOC_STRINGS = YES;
				SWIFT_VERSION = 5.0;
				TARGETED_DEVICE_FAMILY = "1,2";
			};
			name = Release;
		};
		EBA8B9F42DFB0517001F4F7B /* Debug */ = {
			isa = XCBuildConfiguration;
			buildSettings = {
				BUNDLE_LOADER = "$(TEST_HOST)";
				CODE_SIGN_STYLE = Automatic;
				CURRENT_PROJECT_VERSION = 1;
				GENERATE_INFOPLIST_FILE = YES;
				IPHONEOS_DEPLOYMENT_TARGET = 18.5;
				MARKETING_VERSION = 1.0;
				PRODUCT_BUNDLE_IDENTIFIER = toters.ExtractedfunctionsBootcampTests;
				PRODUCT_NAME = "$(TARGET_NAME)";
				SWIFT_EMIT_LOC_STRINGS = NO;
				SWIFT_VERSION = 5.0;
				TARGETED_DEVICE_FAMILY = "1,2";
				TEST_HOST = "$(BUILT_PRODUCTS_DIR)/ExtractedfunctionsBootcamp.app/$(BUNDLE_EXECUTABLE_FOLDER_PATH)/ExtractedfunctionsBootcamp";
			};
			name = Debug;
		};
		EBA8B9F52DFB0517001F4F7B /* Release */ = {
			isa = XCBuildConfiguration;
			buildSettings = {
				BUNDLE_LOADER = "$(TEST_HOST)";
				CODE_SIGN_STYLE = Automatic;
				CURRENT_PROJECT_VERSION = 1;
				GENERATE_INFOPLIST_FILE = YES;
				IPHONEOS_DEPLOYMENT_TARGET = 18.5;
				MARKETING_VERSION = 1.0;
				PRODUCT_BUNDLE_IDENTIFIER = toters.ExtractedfunctionsBootcampTests;
				PRODUCT_NAME = "$(TARGET_NAME)";
				SWIFT_EMIT_LOC_STRINGS = NO;
				SWIFT_VERSION = 5.0;
				TARGETED_DEVICE_FAMILY = "1,2";
				TEST_HOST = "$(BUILT_PRODUCTS_DIR)/ExtractedfunctionsBootcamp.app/$(BUNDLE_EXECUTABLE_FOLDER_PATH)/ExtractedfunctionsBootcamp";
			};
			name = Release;
		};
		EBA8B9F72DFB0517001F4F7B /* Debug */ = {
			isa = XCBuildConfiguration;
			buildSettings = {
				CODE_SIGN_STYLE = Automatic;
				CURRENT_PROJECT_VERSION = 1;
				GENERATE_INFOPLIST_FILE = YES;
				MARKETING_VERSION = 1.0;
				PRODUCT_BUNDLE_IDENTIFIER = toters.ExtractedfunctionsBootcampUITests;
				PRODUCT_NAME = "$(TARGET_NAME)";
				SWIFT_EMIT_LOC_STRINGS = NO;
				SWIFT_VERSION = 5.0;
				TARGETED_DEVICE_FAMILY = "1,2";
				TEST_TARGET_NAME = ExtractedfunctionsBootcamp;
			};
			name = Debug;
		};
		EBA8B9F82DFB0517001F4F7B /* Release */ = {
			isa = XCBuildConfiguration;
			buildSettings = {
				CODE_SIGN_STYLE = Automatic;
				CURRENT_PROJECT_VERSION = 1;
				GENERATE_INFOPLIST_FILE = YES;
				MARKETING_VERSION = 1.0;
				PRODUCT_BUNDLE_IDENTIFIER = toters.ExtractedfunctionsBootcampUITests;
				PRODUCT_NAME = "$(TARGET_NAME)";
				SWIFT_EMIT_LOC_STRINGS = NO;
				SWIFT_VERSION = 5.0;
				TARGETED_DEVICE_FAMILY = "1,2";
				TEST_TARGET_NAME = ExtractedfunctionsBootcamp;
			};
			name = Release;
		};
/* End XCBuildConfiguration section */

/* Begin XCConfigurationList section */
		EBA8B9CA2DFB0512001F4F7B /* Build configuration list for PBXProject "ExtractedfunctionsBootcamp" */ = {
			isa = XCConfigurationList;
			buildConfigurations = (
				EBA8B9EE2DFB0517001F4F7B /* Debug */,
				EBA8B9EF2DFB0517001F4F7B /* Release */,
			);
			defaultConfigurationIsVisible = 0;
			defaultConfigurationName = Release;
		};
		EBA8B9F02DFB0517001F4F7B /* Build configuration list for PBXNativeTarget "ExtractedfunctionsBootcamp" */ = {
			isa = XCConfigurationList;
			buildConfigurations = (
				EBA8B9F12DFB0517001F4F7B /* Debug */,
				EBA8B9F22DFB0517001F4F7B /* Release */,
			);
			defaultConfigurationIsVisible = 0;
			defaultConfigurationName = Release;
		};
		EBA8B9F32DFB0517001F4F7B /* Build configuration list for PBXNativeTarget "ExtractedfunctionsBootcampTests" */ = {
			isa = XCConfigurationList;
			buildConfigurations = (
				EBA8B9F42DFB0517001F4F7B /* Debug */,
				EBA8B9F52DFB0517001F4F7B /* Release */,
			);
			defaultConfigurationIsVisible = 0;
			defaultConfigurationName = Release;
		};
		EBA8B9F62DFB0517001F4F7B /* Build configuration list for PBXNativeTarget "ExtractedfunctionsBootcampUITests" */ = {
			isa = XCConfigurationList;
			buildConfigurations = (
				EBA8B9F72DFB0517001F4F7B /* Debug */,
				EBA8B9F82DFB0517001F4F7B /* Release */,
			);
			defaultConfigurationIsVisible = 0;
			defaultConfigurationName = Release;
		};
/* End XCConfigurationList section */
	};
	rootObject = EBA8B9C72DFB0512001F4F7B /* Project object */;
}
