// !$*UTF8*$!
{
	archiveVersion = 1;
	classes = {
	};
	objectVersion = 77;
	objects = {

/* Begin PBXContainerItemProxy section */
		EB60FA722DFFF83C002D69BF /* PBXContainerItemProxy */ = {
			isa = PBXContainerItemProxy;
			containerPortal = EB60FA5C2DFFF837002D69BF /* Project object */;
			proxyType = 1;
			remoteGlobalIDString = EB60FA632DFFF837002D69BF;
			remoteInfo = ViewModelBootcamp;
		};
		EB60FA7C2DFFF83C002D69BF /* PBXContainerItemProxy */ = {
			isa = PBXContainerItemProxy;
			containerPortal = EB60FA5C2DFFF837002D69BF /* Project object */;
			proxyType = 1;
			remoteGlobalIDString = EB60FA632DFFF837002D69BF;
			remoteInfo = ViewModelBootcamp;
		};
/* End PBXContainerItemProxy section */

/* Begin PBXFileReference section */
		EB60FA642DFFF837002D69BF /* ViewModelBootcamp.app */ = {isa = PBXFileReference; explicitFileType = wrapper.application; includeInIndex = 0; path = ViewModelBootcamp.app; sourceTree = BUILT_PRODUCTS_DIR; };
		EB60FA712DFFF83C002D69BF /* ViewModelBootcampTests.xctest */ = {isa = PBXFileReference; explicitFileType = wrapper.cfbundle; includeInIndex = 0; path = ViewModelBootcampTests.xctest; sourceTree = BUILT_PRODUCTS_DIR; };
		EB60FA7B2DFFF83C002D69BF /* ViewModelBootcampUITests.xctest */ = {isa = PBXFileReference; explicitFileType = wrapper.cfbundle; includeInIndex = 0; path = ViewModelBootcampUITests.xctest; sourceTree = BUILT_PRODUCTS_DIR; };
/* End PBXFileReference section */

/* Begin PBXFileSystemSynchronizedRootGroup section */
		EB60FA662DFFF837002D69BF /* ViewModelBootcamp */ = {
			isa = PBXFileSystemSynchronizedRootGroup;
			path = ViewModelBootcamp;
			sourceTree = "<group>";
		};
		EB60FA742DFFF83C002D69BF /* ViewModelBootcampTests */ = {
			isa = PBXFileSystemSynchronizedRootGroup;
			path = ViewModelBootcampTests;
			sourceTree = "<group>";
		};
		EB60FA7E2DFFF83C002D69BF /* ViewModelBootcampUITests */ = {
			isa = PBXFileSystemSynchronizedRootGroup;
			path = ViewModelBootcampUITests;
			sourceTree = "<group>";
		};
/* End PBXFileSystemSynchronizedRootGroup section */

/* Begin PBXFrameworksBuildPhase section */
		EB60FA612DFFF837002D69BF /* Frameworks */ = {
			isa = PBXFrameworksBuildPhase;
			buildActionMask = 2147483647;
			files = (
			);
			runOnlyForDeploymentPostprocessing = 0;
		};
		EB60FA6E2DFFF83C002D69BF /* Frameworks */ = {
			isa = PBXFrameworksBuildPhase;
			buildActionMask = 2147483647;
			files = (
			);
			runOnlyForDeploymentPostprocessing = 0;
		};
		EB60FA782DFFF83C002D69BF /* Frameworks */ = {
			isa = PBXFrameworksBuildPhase;
			buildActionMask = 2147483647;
			files = (
			);
			runOnlyForDeploymentPostprocessing = 0;
		};
/* End PBXFrameworksBuildPhase section */

/* Begin PBXGroup section */
		EB60FA5B2DFFF837002D69BF = {
			isa = PBXGroup;
			children = (
				EB60FA662DFFF837002D69BF /* ViewModelBootcamp */,
				EB60FA742DFFF83C002D69BF /* ViewModelBootcampTests */,
				EB60FA7E2DFFF83C002D69BF /* ViewModelBootcampUITests */,
				EB60FA652DFFF837002D69BF /* Products */,
			);
			sourceTree = "<group>";
		};
		EB60FA652DFFF837002D69BF /* Products */ = {
			isa = PBXGroup;
			children = (
				EB60FA642DFFF837002D69BF /* ViewModelBootcamp.app */,
				EB60FA712DFFF83C002D69BF /* ViewModelBootcampTests.xctest */,
				EB60FA7B2DFFF83C002D69BF /* ViewModelBootcampUITests.xctest */,
			);
			name = Products;
			sourceTree = "<group>";
		};
/* End PBXGroup section */

/* Begin PBXNativeTarget section */
		EB60FA632DFFF837002D69BF /* ViewModelBootcamp */ = {
			isa = PBXNativeTarget;
			buildConfigurationList = EB60FA852DFFF83C002D69BF /* Build configuration list for PBXNativeTarget "ViewModelBootcamp" */;
			buildPhases = (
				EB60FA602DFFF837002D69BF /* Sources */,
				EB60FA612DFFF837002D69BF /* Frameworks */,
				EB60FA622DFFF837002D69BF /* Resources */,
			);
			buildRules = (
			);
			dependencies = (
			);
			fileSystemSynchronizedGroups = (
				EB60FA662DFFF837002D69BF /* ViewModelBootcamp */,
			);
			name = ViewModelBootcamp;
			packageProductDependencies = (
			);
			productName = ViewModelBootcamp;
			productReference = EB60FA642DFFF837002D69BF /* ViewModelBootcamp.app */;
			productType = "com.apple.product-type.application";
		};
		EB60FA702DFFF83C002D69BF /* ViewModelBootcampTests */ = {
			isa = PBXNativeTarget;
			buildConfigurationList = EB60FA882DFFF83C002D69BF /* Build configuration list for PBXNativeTarget "ViewModelBootcampTests" */;
			buildPhases = (
				EB60FA6D2DFFF83C002D69BF /* Sources */,
				EB60FA6E2DFFF83C002D69BF /* Frameworks */,
				EB60FA6F2DFFF83C002D69BF /* Resources */,
			);
			buildRules = (
			);
			dependencies = (
				EB60FA732DFFF83C002D69BF /* PBXTargetDependency */,
			);
			fileSystemSynchronizedGroups = (
				EB60FA742DFFF83C002D69BF /* ViewModelBootcampTests */,
			);
			name = ViewModelBootcampTests;
			packageProductDependencies = (
			);
			productName = ViewModelBootcampTests;
			productReference = EB60FA712DFFF83C002D69BF /* ViewModelBootcampTests.xctest */;
			productType = "com.apple.product-type.bundle.unit-test";
		};
		EB60FA7A2DFFF83C002D69BF /* ViewModelBootcampUITests */ = {
			isa = PBXNativeTarget;
			buildConfigurationList = EB60FA8B2DFFF83C002D69BF /* Build configuration list for PBXNativeTarget "ViewModelBootcampUITests" */;
			buildPhases = (
				EB60FA772DFFF83C002D69BF /* Sources */,
				EB60FA782DFFF83C002D69BF /* Frameworks */,
				EB60FA792DFFF83C002D69BF /* Resources */,
			);
			buildRules = (
			);
			dependencies = (
				EB60FA7D2DFFF83C002D69BF /* PBXTargetDependency */,
			);
			fileSystemSynchronizedGroups = (
				EB60FA7E2DFFF83C002D69BF /* ViewModelBootcampUITests */,
			);
			name = ViewModelBootcampUITests;
			packageProductDependencies = (
			);
			productName = ViewModelBootcampUITests;
			productReference = EB60FA7B2DFFF83C002D69BF /* ViewModelBootcampUITests.xctest */;
			productType = "com.apple.product-type.bundle.ui-testing";
		};
/* End PBXNativeTarget section */

/* Begin PBXProject section */
		EB60FA5C2DFFF837002D69BF /* Project object */ = {
			isa = PBXProject;
			attributes = {
				BuildIndependentTargetsInParallel = 1;
				LastSwiftUpdateCheck = 1640;
				LastUpgradeCheck = 1640;
				TargetAttributes = {
					EB60FA632DFFF837002D69BF = {
						CreatedOnToolsVersion = 16.4;
					};
					EB60FA702DFFF83C002D69BF = {
						CreatedOnToolsVersion = 16.4;
						TestTargetID = EB60FA632DFFF837002D69BF;
					};
					EB60FA7A2DFFF83C002D69BF = {
						CreatedOnToolsVersion = 16.4;
						TestTargetID = EB60FA632DFFF837002D69BF;
					};
				};
			};
			buildConfigurationList = EB60FA5F2DFFF837002D69BF /* Build configuration list for PBXProject "ViewModelBootcamp" */;
			developmentRegion = en;
			hasScannedForEncodings = 0;
			knownRegions = (
				en,
				Base,
			);
			mainGroup = EB60FA5B2DFFF837002D69BF;
			minimizedProjectReferenceProxies = 1;
			preferredProjectObjectVersion = 77;
			productRefGroup = EB60FA652DFFF837002D69BF /* Products */;
			projectDirPath = "";
			projectRoot = "";
			targets = (
				EB60FA632DFFF837002D69BF /* ViewModelBootcamp */,
				EB60FA702DFFF83C002D69BF /* ViewModelBootcampTests */,
				EB60FA7A2DFFF83C002D69BF /* ViewModelBootcampUITests */,
			);
		};
/* End PBXProject section */

/* Begin PBXResourcesBuildPhase section */
		EB60FA622DFFF837002D69BF /* Resources */ = {
			isa = PBXResourcesBuildPhase;
			buildActionMask = 2147483647;
			files = (
			);
			runOnlyForDeploymentPostprocessing = 0;
		};
		EB60FA6F2DFFF83C002D69BF /* Resources */ = {
			isa = PBXResourcesBuildPhase;
			buildActionMask = 2147483647;
			files = (
			);
			runOnlyForDeploymentPostprocessing = 0;
		};
		EB60FA792DFFF83C002D69BF /* Resources */ = {
			isa = PBXResourcesBuildPhase;
			buildActionMask = 2147483647;
			files = (
			);
			runOnlyForDeploymentPostprocessing = 0;
		};
/* End PBXResourcesBuildPhase section */

/* Begin PBXSourcesBuildPhase section */
		EB60FA602DFFF837002D69BF /* Sources */ = {
			isa = PBXSourcesBuildPhase;
			buildActionMask = 2147483647;
			files = (
			);
			runOnlyForDeploymentPostprocessing = 0;
		};
		EB60FA6D2DFFF83C002D69BF /* Sources */ = {
			isa = PBXSourcesBuildPhase;
			buildActionMask = 2147483647;
			files = (
			);
			runOnlyForDeploymentPostprocessing = 0;
		};
		EB60FA772DFFF83C002D69BF /* Sources */ = {
			isa = PBXSourcesBuildPhase;
			buildActionMask = 2147483647;
			files = (
			);
			runOnlyForDeploymentPostprocessing = 0;
		};
/* End PBXSourcesBuildPhase section */

/* Begin PBXTargetDependency section */
		EB60FA732DFFF83C002D69BF /* PBXTargetDependency */ = {
			isa = PBXTargetDependency;
			target = EB60FA632DFFF837002D69BF /* ViewModelBootcamp */;
			targetProxy = EB60FA722DFFF83C002D69BF /* PBXContainerItemProxy */;
		};
		EB60FA7D2DFFF83C002D69BF /* PBXTargetDependency */ = {
			isa = PBXTargetDependency;
			target = EB60FA632DFFF837002D69BF /* ViewModelBootcamp */;
			targetProxy = EB60FA7C2DFFF83C002D69BF /* PBXContainerItemProxy */;
		};
/* End PBXTargetDependency section */

/* Begin XCBuildConfiguration section */
		EB60FA832DFFF83C002D69BF /* Debug */ = {
			isa = XCBuildConfiguration;
			buildSettings = {
				ALWAYS_SEARCH_USER_PATHS = NO;
				ASSETCATALOG_COMPILER_GENERATE_SWIFT_ASSET_SYMBOL_EXTENSIONS = YES;
				CLANG_ANALYZER_NONNULL = YES;
				CLANG_ANALYZER_NUMBER_OBJECT_CONVERSION = YES_AGGRESSIVE;
				CLANG_CXX_LANGUAGE_STANDARD = "gnu++20";
				CLANG_ENABLE_MODULES = YES;
				CLANG_ENABLE_OBJC_ARC = YES;
				CLANG_ENABLE_OBJC_WEAK = YES;
				CLANG_WARN_BLOCK_CAPTURE_AUTORELEASING = YES;
				CLANG_WARN_BOOL_CONVERSION = YES;
				CLANG_WARN_COMMA = YES;
				CLANG_WARN_CONSTANT_CONVERSION = YES;
				CLANG_WARN_DEPRECATED_OBJC_IMPLEMENTATIONS = YES;
				CLANG_WARN_DIRECT_OBJC_ISA_USAGE = YES_ERROR;
				CLANG_WARN_DOCUMENTATION_COMMENTS = YES;
				CLANG_WARN_EMPTY_BODY = YES;
				CLANG_WARN_ENUM_CONVERSION = YES;
				CLANG_WARN_INFINITE_RECURSION = YES;
				CLANG_WARN_INT_CONVERSION = YES;
				CLANG_WARN_NON_LITERAL_NULL_CONVERSION = YES;
				CLANG_WARN_OBJC_IMPLICIT_RETAIN_SELF = YES;
				CLANG_WARN_OBJC_LITERAL_CONVERSION = YES;
				CLANG_WARN_OBJC_ROOT_CLASS = YES_ERROR;
				CLANG_WARN_QUOTED_INCLUDE_IN_FRAMEWORK_HEADER = YES;
				CLANG_WARN_RANGE_LOOP_ANALYSIS = YES;
				CLANG_WARN_STRICT_PROTOTYPES = YES;
				CLANG_WARN_SUSPICIOUS_MOVE = YES;
				CLANG_WARN_UNGUARDED_AVAILABILITY = YES_AGGRESSIVE;
				CLANG_WARN_UNREACHABLE_CODE = YES;
				CLANG_WARN__DUPLICATE_METHOD_MATCH = YES;
				COPY_PHASE_STRIP = NO;
				DEBUG_INFORMATION_FORMAT = dwarf;
				ENABLE_STRICT_OBJC_MSGSEND = YES;
				ENABLE_TESTABILITY = YES;
				ENABLE_USER_SCRIPT_SANDBOXING = YES;
				GCC_C_LANGUAGE_STANDARD = gnu17;
				GCC_DYNAMIC_NO_PIC = NO;
				GCC_NO_COMMON_BLOCKS = YES;
				GCC_OPTIMIZATION_LEVEL = 0;
				GCC_PREPROCESSOR_DEFINITIONS = (
					"DEBUG=1",
					"$(inherited)",
				);
				GCC_WARN_64_TO_32_BIT_CONVERSION = YES;
				GCC_WARN_ABOUT_RETURN_TYPE = YES_ERROR;
				GCC_WARN_UNDECLARED_SELECTOR = YES;
				GCC_WARN_UNINITIALIZED_AUTOS = YES_AGGRESSIVE;
				GCC_WARN_UNUSED_FUNCTION = YES;
				GCC_WARN_UNUSED_VARIABLE = YES;
				IPHONEOS_DEPLOYMENT_TARGET = 18.5;
				LOCALIZATION_PREFERS_STRING_CATALOGS = YES;
				MTL_ENABLE_DEBUG_INFO = INCLUDE_SOURCE;
				MTL_FAST_MATH = YES;
				ONLY_ACTIVE_ARCH = YES;
				SDKROOT = iphoneos;
				SWIFT_ACTIVE_COMPILATION_CONDITIONS = "DEBUG $(inherited)";
				SWIFT_OPTIMIZATION_LEVEL = "-Onone";
			};
			name = Debug;
		};
		EB60FA842DFFF83C002D69BF /* Release */ = {
			isa = XCBuildConfiguration;
			buildSettings = {
				ALWAYS_SEARCH_USER_PATHS = NO;
				ASSETCATALOG_COMPILER_GENERATE_SWIFT_ASSET_SYMBOL_EXTENSIONS = YES;
				CLANG_ANALYZER_NONNULL = YES;
				CLANG_ANALYZER_NUMBER_OBJECT_CONVERSION = YES_AGGRESSIVE;
				CLANG_CXX_LANGUAGE_STANDARD = "gnu++20";
				CLANG_ENABLE_MODULES = YES;
				CLANG_ENABLE_OBJC_ARC = YES;
				CLANG_ENABLE_OBJC_WEAK = YES;
				CLANG_WARN_BLOCK_CAPTURE_AUTORELEASING = YES;
				CLANG_WARN_BOOL_CONVERSION = YES;
				CLANG_WARN_COMMA = YES;
				CLANG_WARN_CONSTANT_CONVERSION = YES;
				CLANG_WARN_DEPRECATED_OBJC_IMPLEMENTATIONS = YES;
				CLANG_WARN_DIRECT_OBJC_ISA_USAGE = YES_ERROR;
				CLANG_WARN_DOCUMENTATION_COMMENTS = YES;
				CLANG_WARN_EMPTY_BODY = YES;
				CLANG_WARN_ENUM_CONVERSION = YES;
				CLANG_WARN_INFINITE_RECURSION = YES;
				CLANG_WARN_INT_CONVERSION = YES;
				CLANG_WARN_NON_LITERAL_NULL_CONVERSION = YES;
				CLANG_WARN_OBJC_IMPLICIT_RETAIN_SELF = YES;
				CLANG_WARN_OBJC_LITERAL_CONVERSION = YES;
				CLANG_WARN_OBJC_ROOT_CLASS = YES_ERROR;
				CLANG_WARN_QUOTED_INCLUDE_IN_FRAMEWORK_HEADER = YES;
				CLANG_WARN_RANGE_LOOP_ANALYSIS = YES;
				CLANG_WARN_STRICT_PROTOTYPES = YES;
				CLANG_WARN_SUSPICIOUS_MOVE = YES;
				CLANG_WARN_UNGUARDED_AVAILABILITY = YES_AGGRESSIVE;
				CLANG_WARN_UNREACHABLE_CODE = YES;
				CLANG_WARN__DUPLICATE_METHOD_MATCH = YES;
				COPY_PHASE_STRIP = NO;
				DEBUG_INFORMATION_FORMAT = "dwarf-with-dsym";
				ENABLE_NS_ASSERTIONS = NO;
				ENABLE_STRICT_OBJC_MSGSEND = YES;
				ENABLE_USER_SCRIPT_SANDBOXING = YES;
				GCC_C_LANGUAGE_STANDARD = gnu17;
				GCC_NO_COMMON_BLOCKS = YES;
				GCC_WARN_64_TO_32_BIT_CONVERSION = YES;
				GCC_WARN_ABOUT_RETURN_TYPE = YES_ERROR;
				GCC_WARN_UNDECLARED_SELECTOR = YES;
				GCC_WARN_UNINITIALIZED_AUTOS = YES_AGGRESSIVE;
				GCC_WARN_UNUSED_FUNCTION = YES;
				GCC_WARN_UNUSED_VARIABLE = YES;
				IPHONEOS_DEPLOYMENT_TARGET = 18.5;
				LOCALIZATION_PREFERS_STRING_CATALOGS = YES;
				MTL_ENABLE_DEBUG_INFO = NO;
				MTL_FAST_MATH = YES;
				SDKROOT = iphoneos;
				SWIFT_COMPILATION_MODE = wholemodule;
				VALIDATE_PRODUCT = YES;
			};
			name = Release;
		};
		EB60FA862DFFF83C002D69BF /* Debug */ = {
			isa = XCBuildConfiguration;
			buildSettings = {
				ASSETCATALOG_COMPILER_APPICON_NAME = AppIcon;
				ASSETCATALOG_COMPILER_GLOBAL_ACCENT_COLOR_NAME = AccentColor;
				CODE_SIGN_STYLE = Automatic;
				CURRENT_PROJECT_VERSION = 1;
				ENABLE_PREVIEWS = YES;
				GENERATE_INFOPLIST_FILE = YES;
				INFOPLIST_KEY_UIApplicationSceneManifest_Generation = YES;
				INFOPLIST_KEY_UIApplicationSupportsIndirectInputEvents = YES;
				INFOPLIST_KEY_UILaunchScreen_Generation = YES;
				INFOPLIST_KEY_UISupportedInterfaceOrientations_iPad = "UIInterfaceOrientationPortrait UIInterfaceOrientationPortraitUpsideDown UIInterfaceOrientationLandscapeLeft UIInterfaceOrientationLandscapeRight";
				INFOPLIST_KEY_UISupportedInterfaceOrientations_iPhone = "UIInterfaceOrientationPortrait UIInterfaceOrientationLandscapeLeft UIInterfaceOrientationLandscapeRight";
				LD_RUNPATH_SEARCH_PATHS = (
					"$(inherited)",
					"@executable_path/Frameworks",
				);
				MARKETING_VERSION = 1.0;
				PRODUCT_BUNDLE_IDENTIFIER = toters.ViewModelBootcamp;
				PRODUCT_NAME = "$(TARGET_NAME)";
				SWIFT_EMIT_LOC_STRINGS = YES;
				SWIFT_VERSION = 5.0;
				TARGETED_DEVICE_FAMILY = "1,2";
			};
			name = Debug;
		};
		EB60FA872DFFF83C002D69BF /* Release */ = {
			isa = XCBuildConfiguration;
			buildSettings = {
				ASSETCATALOG_COMPILER_APPICON_NAME = AppIcon;
				ASSETCATALOG_COMPILER_GLOBAL_ACCENT_COLOR_NAME = AccentColor;
				CODE_SIGN_STYLE = Automatic;
				CURRENT_PROJECT_VERSION = 1;
				ENABLE_PREVIEWS = YES;
				GENERATE_INFOPLIST_FILE = YES;
				INFOPLIST_KEY_UIApplicationSceneManifest_Generation = YES;
				INFOPLIST_KEY_UIApplicationSupportsIndirectInputEvents = YES;
				INFOPLIST_KEY_UILaunchScreen_Generation = YES;
				INFOPLIST_KEY_UISupportedInterfaceOrientations_iPad = "UIInterfaceOrientationPortrait UIInterfaceOrientationPortraitUpsideDown UIInterfaceOrientationLandscapeLeft UIInterfaceOrientationLandscapeRight";
				INFOPLIST_KEY_UISupportedInterfaceOrientations_iPhone = "UIInterfaceOrientationPortrait UIInterfaceOrientationLandscapeLeft UIInterfaceOrientationLandscapeRight";
				LD_RUNPATH_SEARCH_PATHS = (
					"$(inherited)",
					"@executable_path/Frameworks",
				);
				MARKETING_VERSION = 1.0;
				PRODUCT_BUNDLE_IDENTIFIER = toters.ViewModelBootcamp;
				PRODUCT_NAME = "$(TARGET_NAME)";
				SWIFT_EMIT_LOC_STRINGS = YES;
				SWIFT_VERSION = 5.0;
				TARGETED_DEVICE_FAMILY = "1,2";
			};
			name = Release;
		};
		EB60FA892DFFF83C002D69BF /* Debug */ = {
			isa = XCBuildConfiguration;
			buildSettings = {
				BUNDLE_LOADER = "$(TEST_HOST)";
				CODE_SIGN_STYLE = Automatic;
				CURRENT_PROJECT_VERSION = 1;
				GENERATE_INFOPLIST_FILE = YES;
				IPHONEOS_DEPLOYMENT_TARGET = 18.5;
				MARKETING_VERSION = 1.0;
				PRODUCT_BUNDLE_IDENTIFIER = toters.ViewModelBootcampTests;
				PRODUCT_NAME = "$(TARGET_NAME)";
				SWIFT_EMIT_LOC_STRINGS = NO;
				SWIFT_VERSION = 5.0;
				TARGETED_DEVICE_FAMILY = "1,2";
				TEST_HOST = "$(BUILT_PRODUCTS_DIR)/ViewModelBootcamp.app/$(BUNDLE_EXECUTABLE_FOLDER_PATH)/ViewModelBootcamp";
			};
			name = Debug;
		};
		EB60FA8A2DFFF83C002D69BF /* Release */ = {
			isa = XCBuildConfiguration;
			buildSettings = {
				BUNDLE_LOADER = "$(TEST_HOST)";
				CODE_SIGN_STYLE = Automatic;
				CURRENT_PROJECT_VERSION = 1;
				GENERATE_INFOPLIST_FILE = YES;
				IPHONEOS_DEPLOYMENT_TARGET = 18.5;
				MARKETING_VERSION = 1.0;
				PRODUCT_BUNDLE_IDENTIFIER = toters.ViewModelBootcampTests;
				PRODUCT_NAME = "$(TARGET_NAME)";
				SWIFT_EMIT_LOC_STRINGS = NO;
				SWIFT_VERSION = 5.0;
				TARGETED_DEVICE_FAMILY = "1,2";
				TEST_HOST = "$(BUILT_PRODUCTS_DIR)/ViewModelBootcamp.app/$(BUNDLE_EXECUTABLE_FOLDER_PATH)/ViewModelBootcamp";
			};
			name = Release;
		};
		EB60FA8C2DFFF83C002D69BF /* Debug */ = {
			isa = XCBuildConfiguration;
			buildSettings = {
				CODE_SIGN_STYLE = Automatic;
				CURRENT_PROJECT_VERSION = 1;
				GENERATE_INFOPLIST_FILE = YES;
				MARKETING_VERSION = 1.0;
				PRODUCT_BUNDLE_IDENTIFIER = toters.ViewModelBootcampUITests;
				PRODUCT_NAME = "$(TARGET_NAME)";
				SWIFT_EMIT_LOC_STRINGS = NO;
				SWIFT_VERSION = 5.0;
				TARGETED_DEVICE_FAMILY = "1,2";
				TEST_TARGET_NAME = ViewModelBootcamp;
			};
			name = Debug;
		};
		EB60FA8D2DFFF83C002D69BF /* Release */ = {
			isa = XCBuildConfiguration;
			buildSettings = {
				CODE_SIGN_STYLE = Automatic;
				CURRENT_PROJECT_VERSION = 1;
				GENERATE_INFOPLIST_FILE = YES;
				MARKETING_VERSION = 1.0;
				PRODUCT_BUNDLE_IDENTIFIER = toters.ViewModelBootcampUITests;
				PRODUCT_NAME = "$(TARGET_NAME)";
				SWIFT_EMIT_LOC_STRINGS = NO;
				SWIFT_VERSION = 5.0;
				TARGETED_DEVICE_FAMILY = "1,2";
				TEST_TARGET_NAME = ViewModelBootcamp;
			};
			name = Release;
		};
/* End XCBuildConfiguration section */

/* Begin XCConfigurationList section */
		EB60FA5F2DFFF837002D69BF /* Build configuration list for PBXProject "ViewModelBootcamp" */ = {
			isa = XCConfigurationList;
			buildConfigurations = (
				EB60FA832DFFF83C002D69BF /* Debug */,
				EB60FA842DFFF83C002D69BF /* Release */,
			);
			defaultConfigurationIsVisible = 0;
			defaultConfigurationName = Release;
		};
		EB60FA852DFFF83C002D69BF /* Build configuration list for PBXNativeTarget "ViewModelBootcamp" */ = {
			isa = XCConfigurationList;
			buildConfigurations = (
				EB60FA862DFFF83C002D69BF /* Debug */,
				EB60FA872DFFF83C002D69BF /* Release */,
			);
			defaultConfigurationIsVisible = 0;
			defaultConfigurationName = Release;
		};
		EB60FA882DFFF83C002D69BF /* Build configuration list for PBXNativeTarget "ViewModelBootcampTests" */ = {
			isa = XCConfigurationList;
			buildConfigurations = (
				EB60FA892DFFF83C002D69BF /* Debug */,
				EB60FA8A2DFFF83C002D69BF /* Release */,
			);
			defaultConfigurationIsVisible = 0;
			defaultConfigurationName = Release;
		};
		EB60FA8B2DFFF83C002D69BF /* Build configuration list for PBXNativeTarget "ViewModelBootcampUITests" */ = {
			isa = XCConfigurationList;
			buildConfigurations = (
				EB60FA8C2DFFF83C002D69BF /* Debug */,
				EB60FA8D2DFFF83C002D69BF /* Release */,
			);
			defaultConfigurationIsVisible = 0;
			defaultConfigurationName = Release;
		};
/* End XCConfigurationList section */
	};
	rootObject = EB60FA5C2DFFF837002D69BF /* Project object */;
}
